
Microsoft Visual Studio Solution File, Format Version 12.00
# Visual Studio Version 16
VisualStudioVersion = 16.0.30804.86
MinimumVisualStudioVersion = 10.0.40219.1
Project("{9A19103F-16F7-4668-BE54-9A1E7A4F7556}") = "KampIntro", "KampIntro\KampIntro.csproj", "{ADA23B57-0F3E-4C92-842E-3BFC63A11630}"
EndProject
Project("{9A19103F-16F7-4668-BE54-9A1E7A4F7556}") = "donguler", "donguler\donguler.csproj", "{E04ECCA9-A4D3-4FB9-A7B7-FFBF9B56B8EF}"
EndProject
Project("{9A19103F-16F7-4668-BE54-9A1E7A4F7556}") = "ClassIntro", "ClassIntro\ClassIntro.csproj", "{C1A763DE-77F1-482E-B168-DBE00130B458}"
EndProject
Project("{9A19103F-16F7-4668-BE54-9A1E7A4F7556}") = "Metotlar", "Metotlar\Metotlar.csproj", "{046CD315-5843-47A7-9741-8B495AAF7923}"
EndProject
Project("{9A19103F-16F7-4668-BE54-9A1E7A4F7556}") = "Matematik", "Matematik\Matematik.csproj", "{35DBBCD3-D1EC-4A1F-93B3-BFA0088DA858}"
EndProject
Project("{9A19103F-16F7-4668-BE54-9A1E7A4F7556}") = "DegerVeReferans", "DegerVeReferans\DegerVeReferans.csproj", "{86A4B618-6AC4-4D74-89E9-DB23E232A49E}"
EndProject
Project("{9A19103F-16F7-4668-BE54-9A1E7A4F7556}") = "OOP1", "OOP1\OOP1.csproj", "{577BA045-5429-420A-BF81-618114F7828A}"
EndProject
Project("{9A19103F-16F7-4668-BE54-9A1E7A4F7556}") = "Collections", "Collections\Collections.csproj", "{FE3E4932-1FA4-478E-99B5-805FB886425B}"
EndProject
Project("{9A19103F-16F7-4668-BE54-9A1E7A4F7556}") = "GenericsIntro", "GenericsIntro\GenericsIntro.csproj", "{B475E955-4CA9-4FF1-8B0D-5038CBDC71C5}"
EndProject
Project("{FAE04EC0-301F-11D3-BF4B-00C04F79EFBC}") = "OOP2", "OOP2\OOP2.csproj", "{28DAA6D4-1A5A-4D8D-A68A-5104CC7C8F0A}"
EndProject
Project("{FAE04EC0-301F-11D3-BF4B-00C04F79EFBC}") = "OOP3", "OOP3\OOP3.csproj", "{4BB03041-3E85-41F0-A3AF-CEA0B6BBAA53}"
EndProject
Global
	GlobalSection(SolutionConfigurationPlatforms) = preSolution
		Debug|Any CPU = Debug|Any CPU
		Release|Any CPU = Release|Any CPU
	EndGlobalSection
	GlobalSection(ProjectConfigurationPlatforms) = postSolution
		{ADA23B57-0F3E-4C92-842E-3BFC63A11630}.Debug|Any CPU.ActiveCfg = Debug|Any CPU
		{ADA23B57-0F3E-4C92-842E-3BFC63A11630}.Debug|Any CPU.Build.0 = Debug|Any CPU
		{ADA23B57-0F3E-4C92-842E-3BFC63A11630}.Release|Any CPU.ActiveCfg = Release|Any CPU
		{ADA23B57-0F3E-4C92-842E-3BFC63A11630}.Release|Any CPU.Build.0 = Release|Any CPU
		{E04ECCA9-A4D3-4FB9-A7B7-FFBF9B56B8EF}.Debug|Any CPU.ActiveCfg = Debug|Any CPU
		{E04ECCA9-A4D3-4FB9-A7B7-FFBF9B56B8EF}.Debug|Any CPU.Build.0 = Debug|Any CPU
		{E04ECCA9-A4D3-4FB9-A7B7-FFBF9B56B8EF}.Release|Any CPU.ActiveCfg = Release|Any CPU
		{E04ECCA9-A4D3-4FB9-A7B7-FFBF9B56B8EF}.Release|Any CPU.Build.0 = Release|Any CPU
		{C1A763DE-77F1-482E-B168-DBE00130B458}.Debug|Any CPU.ActiveCfg = Debug|Any CPU
		{C1A763DE-77F1-482E-B168-DBE00130B458}.Debug|Any CPU.Build.0 = Debug|Any CPU
		{C1A763DE-77F1-482E-B168-DBE00130B458}.Release|Any CPU.ActiveCfg = Release|Any CPU
		{C1A763DE-77F1-482E-B168-DBE00130B458}.Release|Any CPU.Build.0 = Release|Any CPU
		{046CD315-5843-47A7-9741-8B495AAF7923}.Debug|Any CPU.ActiveCfg = Debug|Any CPU
		{046CD315-5843-47A7-9741-8B495AAF7923}.Debug|Any CPU.Build.0 = Debug|Any CPU
		{046CD315-5843-47A7-9741-8B495AAF7923}.Release|Any CPU.ActiveCfg = Release|Any CPU
		{046CD315-5843-47A7-9741-8B495AAF7923}.Release|Any CPU.Build.0 = Release|Any CPU
		{35DBBCD3-D1EC-4A1F-93B3-BFA0088DA858}.Debug|Any CPU.ActiveCfg = Debug|Any CPU
		{35DBBCD3-D1EC-4A1F-93B3-BFA0088DA858}.Debug|Any CPU.Build.0 = Debug|Any CPU
		{35DBBCD3-D1EC-4A1F-93B3-BFA0088DA858}.Release|Any CPU.ActiveCfg = Release|Any CPU
		{35DBBCD3-D1EC-4A1F-93B3-BFA0088DA858}.Release|Any CPU.Build.0 = Release|Any CPU
		{86A4B618-6AC4-4D74-89E9-DB23E232A49E}.Debug|Any CPU.ActiveCfg = Debug|Any CPU
		{86A4B618-6AC4-4D74-89E9-DB23E232A49E}.Debug|Any CPU.Build.0 = Debug|Any CPU
		{86A4B618-6AC4-4D74-89E9-DB23E232A49E}.Release|Any CPU.ActiveCfg = Release|Any CPU
		{86A4B618-6AC4-4D74-89E9-DB23E232A49E}.Release|Any CPU.Build.0 = Release|Any CPU
		{577BA045-5429-420A-BF81-618114F7828A}.Debug|Any CPU.ActiveCfg = Debug|Any CPU
		{577BA045-5429-420A-BF81-618114F7828A}.Debug|Any CPU.Build.0 = Debug|Any CPU
		{577BA045-5429-420A-BF81-618114F7828A}.Release|Any CPU.ActiveCfg = Release|Any CPU
		{577BA045-5429-420A-BF81-618114F7828A}.Release|Any CPU.Build.0 = Release|Any CPU
		{FE3E4932-1FA4-478E-99B5-805FB886425B}.Debug|Any CPU.ActiveCfg = Debug|Any CPU
		{FE3E4932-1FA4-478E-99B5-805FB886425B}.Debug|Any CPU.Build.0 = Debug|Any CPU
		{FE3E4932-1FA4-478E-99B5-805FB886425B}.Release|Any CPU.ActiveCfg = Release|Any CPU
		{FE3E4932-1FA4-478E-99B5-805FB886425B}.Release|Any CPU.Build.0 = Release|Any CPU
		{B475E955-4CA9-4FF1-8B0D-5038CBDC71C5}.Debug|Any CPU.ActiveCfg = Debug|Any CPU
		{B475E955-4CA9-4FF1-8B0D-5038CBDC71C5}.Debug|Any CPU.Build.0 = Debug|Any CPU
		{B475E955-4CA9-4FF1-8B0D-5038CBDC71C5}.Release|Any CPU.ActiveCfg = Release|Any CPU
		{B475E955-4CA9-4FF1-8B0D-5038CBDC71C5}.Release|Any CPU.Build.0 = Release|Any CPU
		{28DAA6D4-1A5A-4D8D-A68A-5104CC7C8F0A}.Debug|Any CPU.ActiveCfg = Debug|Any CPU
		{28DAA6D4-1A5A-4D8D-A68A-5104CC7C8F0A}.Debug|Any CPU.Build.0 = Debug|Any CPU
		{28DAA6D4-1A5A-4D8D-A68A-5104CC7C8F0A}.Release|Any CPU.ActiveCfg = Release|Any CPU
		{28DAA6D4-1A5A-4D8D-A68A-5104CC7C8F0A}.Release|Any CPU.Build.0 = Release|Any CPU
		{4BB03041-3E85-41F0-A3AF-CEA0B6BBAA53}.Debug|Any CPU.ActiveCfg = Debug|Any CPU
		{4BB03041-3E85-41F0-A3AF-CEA0B6BBAA53}.Debug|Any CPU.Build.0 = Debug|Any CPU
		{4BB03041-3E85-41F0-A3AF-CEA0B6BBAA53}.Release|Any CPU.ActiveCfg = Release|Any CPU
		{4BB03041-3E85-41F0-A3AF-CEA0B6BBAA53}.Release|Any CPU.Build.0 = Release|Any CPU
	EndGlobalSection
	GlobalSection(SolutionProperties) = preSolution
		HideSolutionNode = FALSE
	EndGlobalSection
	GlobalSection(ExtensibilityGlobals) = postSolution
		SolutionGuid = {E268D656-0ECB-4518-A60C-708FA1E6E1A9}
	EndGlobalSection
EndGlobal
